
Microsoft Visual Studio Solution File, Format Version 12.00
Project("{FAE04EC0-301F-11D3-BF4B-00C04F79EFBC}") = "Tetris", "Tetris\Tetris.csproj", "{DED12E90-22B7-4592-9FD6-B9D34A3108C7}"
EndProject
Global
	GlobalSection(SolutionConfigurationPlatforms) = preSolution
		Debug|Any CPU = Debug|Any CPU
		Release|Any CPU = Release|Any CPU
	EndGlobalSection
	GlobalSection(ProjectConfigurationPlatforms) = postSolution
		{DED12E90-22B7-4592-9FD6-B9D34A3108C7}.Debug|Any CPU.ActiveCfg = Debug|Any CPU
		{DED12E90-22B7-4592-9FD6-B9D34A3108C7}.Debug|Any CPU.Build.0 = Debug|Any CPU
		{DED12E90-22B7-4592-9FD6-B9D34A3108C7}.Release|Any CPU.ActiveCfg = Release|Any CPU
		{DED12E90-22B7-4592-9FD6-B9D34A3108C7}.Release|Any CPU.Build.0 = Release|Any CPU
	EndGlobalSection
EndGlobal
